
Microsoft Visual Studio Solution File, Format Version 12.00
# Visual Studio Version 16
VisualStudioVersion = 16.0.29709.97
MinimumVisualStudioVersion = 10.0.40219.1
Project("{FAE04EC0-301F-11D3-BF4B-00C04F79EFBC}") = "NeuralNetwork", "NeuralNetwork\NeuralNetwork.csproj", "{EB4A8708-3736-4085-B7DA-10C804F612B8}"
EndProject
Global
	GlobalSection(SolutionConfigurationPlatforms) = preSolution
		Debug|Any CPU = Debug|Any CPU
		Release|Any CPU = Release|Any CPU
	EndGlobalSection
	GlobalSection(ProjectConfigurationPlatforms) = postSolution
		{EB4A8708-3736-4085-B7DA-10C804F612B8}.Debug|Any CPU.ActiveCfg = Debug|Any CPU
		{EB4A8708-3736-4085-B7DA-10C804F612B8}.Debug|Any CPU.Build.0 = Debug|Any CPU
		{EB4A8708-3736-4085-B7DA-10C804F612B8}.Release|Any CPU.ActiveCfg = Release|Any CPU
		{EB4A8708-3736-4085-B7DA-10C804F612B8}.Release|Any CPU.Build.0 = Release|Any CPU
	EndGlobalSection
	GlobalSection(SolutionProperties) = preSolution
		HideSolutionNode = FALSE
	EndGlobalSection
	GlobalSection(ExtensibilityGlobals) = postSolution
		SolutionGuid = {505F9A5C-0216-4577-80EF-1119A1EA0079}
	EndGlobalSection
EndGlobal
