
Microsoft Visual Studio Solution File, Format Version 12.00
# Visual Studio Version 16
VisualStudioVersion = 16.0.30717.126
MinimumVisualStudioVersion = 10.0.40219.1
Project("{FAE04EC0-301F-11D3-BF4B-00C04F79EFBC}") = "DnDDungeonGenerator", "DnDDungeonGenerator\DnDDungeonGenerator.csproj", "{A13D2CEE-FB07-4F96-9762-B0F17BC8F26E}"
EndProject
Global
	GlobalSection(SolutionConfigurationPlatforms) = preSolution
		Debug|Any CPU = Debug|Any CPU
		Release|Any CPU = Release|Any CPU
	EndGlobalSection
	GlobalSection(ProjectConfigurationPlatforms) = postSolution
		{A13D2CEE-FB07-4F96-9762-B0F17BC8F26E}.Debug|Any CPU.ActiveCfg = Debug|Any CPU
		{A13D2CEE-FB07-4F96-9762-B0F17BC8F26E}.Debug|Any CPU.Build.0 = Debug|Any CPU
		{A13D2CEE-FB07-4F96-9762-B0F17BC8F26E}.Release|Any CPU.ActiveCfg = Release|Any CPU
		{A13D2CEE-FB07-4F96-9762-B0F17BC8F26E}.Release|Any CPU.Build.0 = Release|Any CPU
	EndGlobalSection
	GlobalSection(SolutionProperties) = preSolution
		HideSolutionNode = FALSE
	EndGlobalSection
	GlobalSection(ExtensibilityGlobals) = postSolution
		SolutionGuid = {495AD478-6A92-42CA-B0B7-48DF2E46A2B6}
	EndGlobalSection
EndGlobal
