
Microsoft Visual Studio Solution File, Format Version 12.00
# Visual Studio 15
VisualStudioVersion = 15.0.28307.271
MinimumVisualStudioVersion = 10.0.40219.1
Project("{FAE04EC0-301F-11D3-BF4B-00C04F79EFBC}") = "TowerDefense", "TowerDefense\TowerDefense.csproj", "{1B820BDF-8063-4FBE-A080-A6D5248A1B77}"
EndProject
Global
	GlobalSection(SolutionConfigurationPlatforms) = preSolution
		Debug|Any CPU = Debug|Any CPU
		Release|Any CPU = Release|Any CPU
	EndGlobalSection
	GlobalSection(ProjectConfigurationPlatforms) = postSolution
		{1B820BDF-8063-4FBE-A080-A6D5248A1B77}.Debug|Any CPU.ActiveCfg = Debug|Any CPU
		{1B820BDF-8063-4FBE-A080-A6D5248A1B77}.Debug|Any CPU.Build.0 = Debug|Any CPU
		{1B820BDF-8063-4FBE-A080-A6D5248A1B77}.Release|Any CPU.ActiveCfg = Release|Any CPU
		{1B820BDF-8063-4FBE-A080-A6D5248A1B77}.Release|Any CPU.Build.0 = Release|Any CPU
	EndGlobalSection
	GlobalSection(SolutionProperties) = preSolution
		HideSolutionNode = FALSE
	EndGlobalSection
	GlobalSection(ExtensibilityGlobals) = postSolution
		SolutionGuid = {B484F56B-3534-4AB1-862F-8D44967974DD}
	EndGlobalSection
EndGlobal
