
Microsoft Visual Studio Solution File, Format Version 12.00
# Visual Studio Version 16
VisualStudioVersion = 16.0.29411.108
MinimumVisualStudioVersion = 10.0.40219.1
Project("{FAE04EC0-301F-11D3-BF4B-00C04F79EFBC}") = "CirclePractice", "CirclePractice\CirclePractice.csproj", "{20105A71-D830-4E1F-97A0-3E986143C92B}"
EndProject
Global
	GlobalSection(SolutionConfigurationPlatforms) = preSolution
		Debug|Any CPU = Debug|Any CPU
		Release|Any CPU = Release|Any CPU
	EndGlobalSection
	GlobalSection(ProjectConfigurationPlatforms) = postSolution
		{20105A71-D830-4E1F-97A0-3E986143C92B}.Debug|Any CPU.ActiveCfg = Debug|Any CPU
		{20105A71-D830-4E1F-97A0-3E986143C92B}.Debug|Any CPU.Build.0 = Debug|Any CPU
		{20105A71-D830-4E1F-97A0-3E986143C92B}.Release|Any CPU.ActiveCfg = Release|Any CPU
		{20105A71-D830-4E1F-97A0-3E986143C92B}.Release|Any CPU.Build.0 = Release|Any CPU
	EndGlobalSection
	GlobalSection(SolutionProperties) = preSolution
		HideSolutionNode = FALSE
	EndGlobalSection
	GlobalSection(ExtensibilityGlobals) = postSolution
		SolutionGuid = {097A90D3-658E-46A8-AD79-48DCDB92E16C}
	EndGlobalSection
EndGlobal
