<?xml version="1.0" encoding="utf-8"?>
<Project ToolsVersion="4.0" xmlns="http://schemas.microsoft.com/developer/msbuild/2003">
  <ItemGroup>
    <Filter Include="Source Files">
      <UniqueIdentifier>{4FC737F1-C7A5-4376-A066-2A32D752A2FF}</UniqueIdentifier>
      <Extensions>cpp;c;cc;cxx;c++;def;odl;idl;hpj;bat;asm;asmx</Extensions>
    </Filter>
    <Filter Include="Header Files">
      <UniqueIdentifier>{93995380-89BD-4b04-88EB-625FBE52EBFB}</UniqueIdentifier>
      <Extensions>h;hh;hpp;hxx;h++;hm;inl;inc;ipp;xsd</Extensions>
    </Filter>
    <Filter Include="Resource Files">
      <UniqueIdentifier>{67DA6AB6-F800-4c08-8B7A-83BB121AAD01}</UniqueIdentifier>
      <Extensions>rc;ico;cur;bmp;dlg;rc2;rct;bin;rgs;gif;jpg;jpeg;jpe;resx;tiff;tif;png;wav;mfcribbon-ms</Extensions>
    </Filter>
    <Filter Include="Shaders">
      <UniqueIdentifier>{36faf3de-97f2-4187-ab18-88bf3df237b0}</UniqueIdentifier>
    </Filter>
    <Filter Include="Textures">
      <UniqueIdentifier>{f582dde7-541c-4a69-a19a-abab1cee16e3}</UniqueIdentifier>
    </Filter>
  </ItemGroup>
  <ItemGroup>
    <ClCompile Include="glad.c">
      <Filter>Source Files</Filter>
    </ClCompile>
    <ClCompile Include="Main.cpp">
      <Filter>Source Files</Filter>
    </ClCompile>
    <ClCompile Include="stb_image.cpp">
      <Filter>Source Files</Filter>
    </ClCompile>
  </ItemGroup>
  <ItemGroup>
    <ClInclude Include="Shader.h">
      <Filter>Header Files</Filter>
    </ClInclude>
    <ClInclude Include="Camera.h">
      <Filter>Header Files</Filter>
    </ClInclude>
    <ClInclude Include="Mesh.h">
      <Filter>Header Files</Filter>
    </ClInclude>
    <ClInclude Include="Model.h">
      <Filter>Header Files</Filter>
    </ClInclude>
  </ItemGroup>
  <ItemGroup>
    <CopyFileToFolders Include="shader.frag">
      <Filter>Shaders</Filter>
    </CopyFileToFolders>
    <CopyFileToFolders Include="shader.vert">
      <Filter>Shaders</Filter>
    </CopyFileToFolders>
    <CopyFileToFolders Include="container.jpg">
      <Filter>Textures</Filter>
    </CopyFileToFolders>
    <CopyFileToFolders Include="awesomeface.png">
      <Filter>Textures</Filter>
    </CopyFileToFolders>
    <CopyFileToFolders Include="lightCube.frag">
      <Filter>Shaders</Filter>
    </CopyFileToFolders>
    <CopyFileToFolders Include="lightCube.vert">
      <Filter>Shaders</Filter>
    </CopyFileToFolders>
    <CopyFileToFolders Include="container2_specular.png">
      <Filter>Textures</Filter>
    </CopyFileToFolders>
    <CopyFileToFolders Include="container2.png">
      <Filter>Textures</Filter>
    </CopyFileToFolders>
    <CopyFileToFolders Include="depthTest.vert">
      <Filter>Shaders</Filter>
    </CopyFileToFolders>
    <CopyFileToFolders Include="depthTest.frag">
      <Filter>Shaders</Filter>
    </CopyFileToFolders>
    <CopyFileToFolders Include="marble.jpg">
      <Filter>Textures</Filter>
    </CopyFileToFolders>
    <CopyFileToFolders Include="metal.png">
      <Filter>Textures</Filter>
    </CopyFileToFolders>
    <CopyFileToFolders Include="shaderSingleColor.frag">
      <Filter>Shaders</Filter>
    </CopyFileToFolders>
    <CopyFileToFolders Include="blending.frag">
      <Filter>Shaders</Filter>
    </CopyFileToFolders>
    <CopyFileToFolders Include="blending.vert">
      <Filter>Shaders</Filter>
    </CopyFileToFolders>
    <CopyFileToFolders Include="grass.png">
      <Filter>Textures</Filter>
    </CopyFileToFolders>
    <CopyFileToFolders Include="blending_transparent_window.png">
      <Filter>Textures</Filter>
    </CopyFileToFolders>
  </ItemGroup>
</Project>