
Microsoft Visual Studio Solution File, Format Version 12.00
# Visual Studio Version 16
VisualStudioVersion = 16.0.29911.84
MinimumVisualStudioVersion = 10.0.40219.1
Project("{FAE04EC0-301F-11D3-BF4B-00C04F79EFBC}") = "ContaminationTest", "ContaminationTest\ContaminationTest.csproj", "{DD1E0755-6CDC-4777-8C77-A461746BECE5}"
EndProject
Global
	GlobalSection(SolutionConfigurationPlatforms) = preSolution
		Debug|Any CPU = Debug|Any CPU
		Release|Any CPU = Release|Any CPU
	EndGlobalSection
	GlobalSection(ProjectConfigurationPlatforms) = postSolution
		{DD1E0755-6CDC-4777-8C77-A461746BECE5}.Debug|Any CPU.ActiveCfg = Debug|Any CPU
		{DD1E0755-6CDC-4777-8C77-A461746BECE5}.Debug|Any CPU.Build.0 = Debug|Any CPU
		{DD1E0755-6CDC-4777-8C77-A461746BECE5}.Release|Any CPU.ActiveCfg = Release|Any CPU
		{DD1E0755-6CDC-4777-8C77-A461746BECE5}.Release|Any CPU.Build.0 = Release|Any CPU
	EndGlobalSection
	GlobalSection(SolutionProperties) = preSolution
		HideSolutionNode = FALSE
	EndGlobalSection
	GlobalSection(ExtensibilityGlobals) = postSolution
		SolutionGuid = {765E274A-5F9D-42D7-9F32-702EF076A063}
	EndGlobalSection
EndGlobal
