
Microsoft Visual Studio Solution File, Format Version 12.00
# Visual Studio Version 16
VisualStudioVersion = 16.0.29418.71
MinimumVisualStudioVersion = 10.0.40219.1
Project("{FAE04EC0-301F-11D3-BF4B-00C04F79EFBC}") = "VisualBrainFuckInterpreter", "VisualBrainFuckInterpreter\VisualBrainFuckInterpreter.csproj", "{FF232119-89A6-4199-83DF-AEE9441B00D1}"
EndProject
Global
	GlobalSection(SolutionConfigurationPlatforms) = preSolution
		Debug|Any CPU = Debug|Any CPU
		Release|Any CPU = Release|Any CPU
	EndGlobalSection
	GlobalSection(ProjectConfigurationPlatforms) = postSolution
		{FF232119-89A6-4199-83DF-AEE9441B00D1}.Debug|Any CPU.ActiveCfg = Debug|Any CPU
		{FF232119-89A6-4199-83DF-AEE9441B00D1}.Debug|Any CPU.Build.0 = Debug|Any CPU
		{FF232119-89A6-4199-83DF-AEE9441B00D1}.Release|Any CPU.ActiveCfg = Release|Any CPU
		{FF232119-89A6-4199-83DF-AEE9441B00D1}.Release|Any CPU.Build.0 = Release|Any CPU
	EndGlobalSection
	GlobalSection(SolutionProperties) = preSolution
		HideSolutionNode = FALSE
	EndGlobalSection
	GlobalSection(ExtensibilityGlobals) = postSolution
		SolutionGuid = {114063EB-A792-4885-A342-60665A492F4F}
	EndGlobalSection
EndGlobal
