
Microsoft Visual Studio Solution File, Format Version 12.00
# Visual Studio 15
VisualStudioVersion = 15.0.28307.852
MinimumVisualStudioVersion = 10.0.40219.1
Project("{FAE04EC0-301F-11D3-BF4B-00C04F79EFBC}") = "ExampleGame", "ExampleGame\ExampleGame.csproj", "{F562FE81-D79E-494F-A085-B6938EC2BE65}"
EndProject
Global
	GlobalSection(SolutionConfigurationPlatforms) = preSolution
		Debug|Any CPU = Debug|Any CPU
		Release|Any CPU = Release|Any CPU
	EndGlobalSection
	GlobalSection(ProjectConfigurationPlatforms) = postSolution
		{F562FE81-D79E-494F-A085-B6938EC2BE65}.Debug|Any CPU.ActiveCfg = Debug|Any CPU
		{F562FE81-D79E-494F-A085-B6938EC2BE65}.Debug|Any CPU.Build.0 = Debug|Any CPU
		{F562FE81-D79E-494F-A085-B6938EC2BE65}.Release|Any CPU.ActiveCfg = Release|Any CPU
		{F562FE81-D79E-494F-A085-B6938EC2BE65}.Release|Any CPU.Build.0 = Release|Any CPU
	EndGlobalSection
	GlobalSection(SolutionProperties) = preSolution
		HideSolutionNode = FALSE
	EndGlobalSection
	GlobalSection(ExtensibilityGlobals) = postSolution
		SolutionGuid = {3F37DFC2-65B4-472E-8300-9A5BE39484F2}
	EndGlobalSection
EndGlobal
