
Microsoft Visual Studio Solution File, Format Version 12.00
# Visual Studio Version 16
VisualStudioVersion = 16.0.30204.135
MinimumVisualStudioVersion = 10.0.40219.1
Project("{8BC9CEB8-8B4A-11D0-8D11-00A0C91BC942}") = "OpenGL", "OpenGL\OpenGL.vcxproj", "{61DDDAF7-AC25-4C03-86A8-E6AE7BEAD21D}"
EndProject
Global
	GlobalSection(SolutionConfigurationPlatforms) = preSolution
		Debug|x64 = Debug|x64
		Debug|x86 = Debug|x86
		Release|x64 = Release|x64
		Release|x86 = Release|x86
	EndGlobalSection
	GlobalSection(ProjectConfigurationPlatforms) = postSolution
		{61DDDAF7-AC25-4C03-86A8-E6AE7BEAD21D}.Debug|x64.ActiveCfg = Debug|x64
		{61DDDAF7-AC25-4C03-86A8-E6AE7BEAD21D}.Debug|x64.Build.0 = Debug|x64
		{61DDDAF7-AC25-4C03-86A8-E6AE7BEAD21D}.Debug|x86.ActiveCfg = Debug|Win32
		{61DDDAF7-AC25-4C03-86A8-E6AE7BEAD21D}.Debug|x86.Build.0 = Debug|Win32
		{61DDDAF7-AC25-4C03-86A8-E6AE7BEAD21D}.Release|x64.ActiveCfg = Release|x64
		{61DDDAF7-AC25-4C03-86A8-E6AE7BEAD21D}.Release|x64.Build.0 = Release|x64
		{61DDDAF7-AC25-4C03-86A8-E6AE7BEAD21D}.Release|x86.ActiveCfg = Release|Win32
		{61DDDAF7-AC25-4C03-86A8-E6AE7BEAD21D}.Release|x86.Build.0 = Release|Win32
	EndGlobalSection
	GlobalSection(SolutionProperties) = preSolution
		HideSolutionNode = FALSE
	EndGlobalSection
	GlobalSection(ExtensibilityGlobals) = postSolution
		SolutionGuid = {FD55146C-CD43-49E0-B764-55EA717398A5}
	EndGlobalSection
EndGlobal
